// !$*UTF8*$!
{
	archiveVersion = 1;
	classes = {
	};
	objectVersion = 50;
	objects = {

/* Begin PBXBuildFile section */
		3A3D7AEB243DA709009A9420 /* CovidModel.swift in Sources */ = {isa = PBXBuildFile; fileRef = 3A3D7AEA243DA709009A9420 /* CovidModel.swift */; };
		3A5AFF28243C6099006D3089 /* AppDelegate.swift in Sources */ = {isa = PBXBuildFile; fileRef = 3A5AFF27243C6099006D3089 /* AppDelegate.swift */; };
		3A5AFF2A243C6099006D3089 /* SceneDelegate.swift in Sources */ = {isa = PBXBuildFile; fileRef = 3A5AFF29243C6099006D3089 /* SceneDelegate.swift */; };
		3A5AFF2C243C6099006D3089 /* ViewController.swift in Sources */ = {isa = PBXBuildFile; fileRef = 3A5AFF2B243C6099006D3089 /* ViewController.swift */; };
		3A5AFF2F243C6099006D3089 /* Main.storyboard in Resources */ = {isa = PBXBuildFile; fileRef = 3A5AFF2D243C6099006D3089 /* Main.storyboard */; };
		3A5AFF31243C60B3006D3089 /* Assets.xcassets in Resources */ = {isa = PBXBuildFile; fileRef = 3A5AFF30243C60B3006D3089 /* Assets.xcassets */; };
		3A5AFF34243C60B3006D3089 /* LaunchScreen.storyboard in Resources */ = {isa = PBXBuildFile; fileRef = 3A5AFF32243C60B3006D3089 /* LaunchScreen.storyboard */; };
		3A7FB3C42440ACF20037536E /* AppBackground3.jpg in Resources */ = {isa = PBXBuildFile; fileRef = 3A7FB3C32440ACF10037536E /* AppBackground3.jpg */; };
		3A80C052243CAA34002BA454 /* CovidData.swift in Sources */ = {isa = PBXBuildFile; fileRef = 3A80C051243CAA33002BA454 /* CovidData.swift */; };
		3A96B8C6243C8E5A002DB7AC /* CovidManager.swift in Sources */ = {isa = PBXBuildFile; fileRef = 3A96B8C5243C8E5A002DB7AC /* CovidManager.swift */; };
		3AAFEB4B243EE73D001B5060 /* OldCovidModel.swift in Sources */ = {isa = PBXBuildFile; fileRef = 3AAFEB4A243EE73D001B5060 /* OldCovidModel.swift */; };
		3AAFEB4D243EE762001B5060 /* OldCovidManager.swift in Sources */ = {isa = PBXBuildFile; fileRef = 3AAFEB4C243EE762001B5060 /* OldCovidManager.swift */; };
		3AAFEB4F243EE777001B5060 /* OldCovidData.swift in Sources */ = {isa = PBXBuildFile; fileRef = 3AAFEB4E243EE777001B5060 /* OldCovidData.swift */; };
		3AAFEB51243EE790001B5060 /* OldCovidController.swift in Sources */ = {isa = PBXBuildFile; fileRef = 3AAFEB50243EE790001B5060 /* OldCovidController.swift */; };
/* End PBXBuildFile section */

/* Begin PBXFileReference section */
		3A3D7AEA243DA709009A9420 /* CovidModel.swift */ = {isa = PBXFileReference; lastKnownFileType = sourcecode.swift; path = CovidModel.swift; sourceTree = "<group>"; };
		3A5AFF24243C6099006D3089 /* Covid19.app */ = {isa = PBXFileReference; explicitFileType = wrapper.application; includeInIndex = 0; path = Covid19.app; sourceTree = BUILT_PRODUCTS_DIR; };
		3A5AFF27243C6099006D3089 /* AppDelegate.swift */ = {isa = PBXFileReference; lastKnownFileType = sourcecode.swift; path = AppDelegate.swift; sourceTree = "<group>"; };
		3A5AFF29243C6099006D3089 /* SceneDelegate.swift */ = {isa = PBXFileReference; lastKnownFileType = sourcecode.swift; path = SceneDelegate.swift; sourceTree = "<group>"; };
		3A5AFF2B243C6099006D3089 /* ViewController.swift */ = {isa = PBXFileReference; lastKnownFileType = sourcecode.swift; path = ViewController.swift; sourceTree = "<group>"; };
		3A5AFF2E243C6099006D3089 /* Base */ = {isa = PBXFileReference; lastKnownFileType = file.storyboard; name = Base; path = Base.lproj/Main.storyboard; sourceTree = "<group>"; };
		3A5AFF30243C60B3006D3089 /* Assets.xcassets */ = {isa = PBXFileReference; lastKnownFileType = folder.assetcatalog; path = Assets.xcassets; sourceTree = "<group>"; };
		3A5AFF33243C60B3006D3089 /* Base */ = {isa = PBXFileReference; lastKnownFileType = file.storyboard; name = Base; path = Base.lproj/LaunchScreen.storyboard; sourceTree = "<group>"; };
		3A5AFF35243C60B3006D3089 /* Info.plist */ = {isa = PBXFileReference; lastKnownFileType = text.plist.xml; path = Info.plist; sourceTree = "<group>"; };
		3A7FB3C32440ACF10037536E /* AppBackground3.jpg */ = {isa = PBXFileReference; lastKnownFileType = image.jpeg; name = AppBackground3.jpg; path = ../../images/AppBackground3.jpg; sourceTree = "<group>"; };
		3A80C051243CAA33002BA454 /* CovidData.swift */ = {isa = PBXFileReference; lastKnownFileType = sourcecode.swift; path = CovidData.swift; sourceTree = "<group>"; };
		3A96B8C5243C8E5A002DB7AC /* CovidManager.swift */ = {isa = PBXFileReference; lastKnownFileType = sourcecode.swift; path = CovidManager.swift; sourceTree = "<group>"; };
		3AAFEB4A243EE73D001B5060 /* OldCovidModel.swift */ = {isa = PBXFileReference; lastKnownFileType = sourcecode.swift; path = OldCovidModel.swift; sourceTree = "<group>"; };
		3AAFEB4C243EE762001B5060 /* OldCovidManager.swift */ = {isa = PBXFileReference; lastKnownFileType = sourcecode.swift; path = OldCovidManager.swift; sourceTree = "<group>"; };
		3AAFEB4E243EE777001B5060 /* OldCovidData.swift */ = {isa = PBXFileReference; lastKnownFileType = sourcecode.swift; path = OldCovidData.swift; sourceTree = "<group>"; };
		3AAFEB50243EE790001B5060 /* OldCovidController.swift */ = {isa = PBXFileReference; lastKnownFileType = sourcecode.swift; path = OldCovidController.swift; sourceTree = "<group>"; };
/* End PBXFileReference section */

/* Begin PBXFrameworksBuildPhase section */
		3A5AFF21243C6099006D3089 /* Frameworks */ = {
			isa = PBXFrameworksBuildPhase;
			buildActionMask = 2147483647;
			files = (
			);
			runOnlyForDeploymentPostprocessing = 0;
		};
/* End PBXFrameworksBuildPhase section */

/* Begin PBXGroup section */
		3A5AFF1B243C6099006D3089 = {
			isa = PBXGroup;
			children = (
				3AAFEB52243EE7A4001B5060 /* old */,
				3A5AFF26243C6099006D3089 /* Covid19 */,
				3A5AFF25243C6099006D3089 /* Products */,
			);
			sourceTree = "<group>";
		};
		3A5AFF25243C6099006D3089 /* Products */ = {
			isa = PBXGroup;
			children = (
				3A5AFF24243C6099006D3089 /* Covid19.app */,
			);
			name = Products;
			sourceTree = "<group>";
		};
		3A5AFF26243C6099006D3089 /* Covid19 */ = {
			isa = PBXGroup;
			children = (
				3A7FB3C32440ACF10037536E /* AppBackground3.jpg */,
				3A5AFF27243C6099006D3089 /* AppDelegate.swift */,
				3A5AFF29243C6099006D3089 /* SceneDelegate.swift */,
				3A96B8C7243C8E78002DB7AC /* Model */,
				3A5AFF3B243C60FA006D3089 /* Controller */,
				3A5AFF3C243C612B006D3089 /* View */,
				3A5AFF30243C60B3006D3089 /* Assets.xcassets */,
				3A5AFF32243C60B3006D3089 /* LaunchScreen.storyboard */,
				3A5AFF35243C60B3006D3089 /* Info.plist */,
			);
			path = Covid19;
			sourceTree = "<group>";
		};
		3A5AFF3B243C60FA006D3089 /* Controller */ = {
			isa = PBXGroup;
			children = (
				3A5AFF2B243C6099006D3089 /* ViewController.swift */,
			);
			path = Controller;
			sourceTree = "<group>";
		};
		3A5AFF3C243C612B006D3089 /* View */ = {
			isa = PBXGroup;
			children = (
				3A5AFF2D243C6099006D3089 /* Main.storyboard */,
			);
			path = View;
			sourceTree = "<group>";
		};
		3A96B8C7243C8E78002DB7AC /* Model */ = {
			isa = PBXGroup;
			children = (
				3A96B8C5243C8E5A002DB7AC /* CovidManager.swift */,
				3A80C051243CAA33002BA454 /* CovidData.swift */,
				3A3D7AEA243DA709009A9420 /* CovidModel.swift */,
			);
			path = Model;
			sourceTree = "<group>";
		};
		3AAFEB52243EE7A4001B5060 /* old */ = {
			isa = PBXGroup;
			children = (
				3AAFEB4A243EE73D001B5060 /* OldCovidModel.swift */,
				3AAFEB4C243EE762001B5060 /* OldCovidManager.swift */,
				3AAFEB4E243EE777001B5060 /* OldCovidData.swift */,
				3AAFEB50243EE790001B5060 /* OldCovidController.swift */,
			);
			path = old;
			sourceTree = "<group>";
		};
/* End PBXGroup section */

/* Begin PBXNativeTarget section */
		3A5AFF23243C6099006D3089 /* Covid19 */ = {
			isa = PBXNativeTarget;
			buildConfigurationList = 3A5AFF38243C60B3006D3089 /* Build configuration list for PBXNativeTarget "Covid19" */;
			buildPhases = (
				3A5AFF20243C6099006D3089 /* Sources */,
				3A5AFF21243C6099006D3089 /* Frameworks */,
				3A5AFF22243C6099006D3089 /* Resources */,
			);
			buildRules = (
			);
			dependencies = (
			);
			name = Covid19;
			productName = Covid19;
			productReference = 3A5AFF24243C6099006D3089 /* Covid19.app */;
			productType = "com.apple.product-type.application";
		};
/* End PBXNativeTarget section */

/* Begin PBXProject section */
		3A5AFF1C243C6099006D3089 /* Project object */ = {
			isa = PBXProject;
			attributes = {
				LastSwiftUpdateCheck = 1130;
				LastUpgradeCheck = 1130;
				ORGANIZATIONNAME = "Harshvardhan Patidar";
				TargetAttributes = {
					3A5AFF23243C6099006D3089 = {
						CreatedOnToolsVersion = 11.3.1;
					};
				};
			};
			buildConfigurationList = 3A5AFF1F243C6099006D3089 /* Build configuration list for PBXProject "Covid19" */;
			compatibilityVersion = "Xcode 9.3";
			developmentRegion = en;
			hasScannedForEncodings = 0;
			knownRegions = (
				en,
				Base,
			);
			mainGroup = 3A5AFF1B243C6099006D3089;
			productRefGroup = 3A5AFF25243C6099006D3089 /* Products */;
			projectDirPath = "";
			projectRoot = "";
			targets = (
				3A5AFF23243C6099006D3089 /* Covid19 */,
			);
		};
/* End PBXProject section */

/* Begin PBXResourcesBuildPhase section */
		3A5AFF22243C6099006D3089 /* Resources */ = {
			isa = PBXResourcesBuildPhase;
			buildActionMask = 2147483647;
			files = (
				3A5AFF34243C60B3006D3089 /* LaunchScreen.storyboard in Resources */,
				3A7FB3C42440ACF20037536E /* AppBackground3.jpg in Resources */,
				3A5AFF31243C60B3006D3089 /* Assets.xcassets in Resources */,
				3A5AFF2F243C6099006D3089 /* Main.storyboard in Resources */,
			);
			runOnlyForDeploymentPostprocessing = 0;
		};
/* End PBXResourcesBuildPhase section */

/* Begin PBXSourcesBuildPhase section */
		3A5AFF20243C6099006D3089 /* Sources */ = {
			isa = PBXSourcesBuildPhase;
			buildActionMask = 2147483647;
			files = (
				3A5AFF2C243C6099006D3089 /* ViewController.swift in Sources */,
				3A3D7AEB243DA709009A9420 /* CovidModel.swift in Sources */,
				3A80C052243CAA34002BA454 /* CovidData.swift in Sources */,
				3AAFEB51243EE790001B5060 /* OldCovidController.swift in Sources */,
				3A96B8C6243C8E5A002DB7AC /* CovidManager.swift in Sources */,
				3AAFEB4B243EE73D001B5060 /* OldCovidModel.swift in Sources */,
				3A5AFF28243C6099006D3089 /* AppDelegate.swift in Sources */,
				3AAFEB4F243EE777001B5060 /* OldCovidData.swift in Sources */,
				3A5AFF2A243C6099006D3089 /* SceneDelegate.swift in Sources */,
				3AAFEB4D243EE762001B5060 /* OldCovidManager.swift in Sources */,
			);
			runOnlyForDeploymentPostprocessing = 0;
		};
/* End PBXSourcesBuildPhase section */

/* Begin PBXVariantGroup section */
		3A5AFF2D243C6099006D3089 /* Main.storyboard */ = {
			isa = PBXVariantGroup;
			children = (
				3A5AFF2E243C6099006D3089 /* Base */,
			);
			name = Main.storyboard;
			sourceTree = "<group>";
		};
		3A5AFF32243C60B3006D3089 /* LaunchScreen.storyboard */ = {
			isa = PBXVariantGroup;
			children = (
				3A5AFF33243C60B3006D3089 /* Base */,
			);
			name = LaunchScreen.storyboard;
			sourceTree = "<group>";
		};
/* End PBXVariantGroup section */

/* Begin XCBuildConfiguration section */
		3A5AFF36243C60B3006D3089 /* Debug */ = {
			isa = XCBuildConfiguration;
			buildSettings = {
				ALWAYS_SEARCH_USER_PATHS = NO;
				CLANG_ANALYZER_NONNULL = YES;
				CLANG_ANALYZER_NUMBER_OBJECT_CONVERSION = YES_AGGRESSIVE;
				CLANG_CXX_LANGUAGE_STANDARD = "gnu++14";
				CLANG_CXX_LIBRARY = "libc++";
				CLANG_ENABLE_MODULES = YES;
				CLANG_ENABLE_OBJC_ARC = YES;
				CLANG_ENABLE_OBJC_WEAK = YES;
				CLANG_WARN_BLOCK_CAPTURE_AUTORELEASING = YES;
				CLANG_WARN_BOOL_CONVERSION = YES;
				CLANG_WARN_COMMA = YES;
				CLANG_WARN_CONSTANT_CONVERSION = YES;
				CLANG_WARN_DEPRECATED_OBJC_IMPLEMENTATIONS = YES;
				CLANG_WARN_DIRECT_OBJC_ISA_USAGE = YES_ERROR;
				CLANG_WARN_DOCUMENTATION_COMMENTS = YES;
				CLANG_WARN_EMPTY_BODY = YES;
				CLANG_WARN_ENUM_CONVERSION = YES;
				CLANG_WARN_INFINITE_RECURSION = YES;
				CLANG_WARN_INT_CONVERSION = YES;
				CLANG_WARN_NON_LITERAL_NULL_CONVERSION = YES;
				CLANG_WARN_OBJC_IMPLICIT_RETAIN_SELF = YES;
				CLANG_WARN_OBJC_LITERAL_CONVERSION = YES;
				CLANG_WARN_OBJC_ROOT_CLASS = YES_ERROR;
				CLANG_WARN_RANGE_LOOP_ANALYSIS = YES;
				CLANG_WARN_STRICT_PROTOTYPES = YES;
				CLANG_WARN_SUSPICIOUS_MOVE = YES;
				CLANG_WARN_UNGUARDED_AVAILABILITY = YES_AGGRESSIVE;
				CLANG_WARN_UNREACHABLE_CODE = YES;
				CLANG_WARN__DUPLICATE_METHOD_MATCH = YES;
				COPY_PHASE_STRIP = NO;
				DEBUG_INFORMATION_FORMAT = dwarf;
				ENABLE_STRICT_OBJC_MSGSEND = YES;
				ENABLE_TESTABILITY = YES;
				GCC_C_LANGUAGE_STANDARD = gnu11;
				GCC_DYNAMIC_NO_PIC = NO;
				GCC_NO_COMMON_BLOCKS = YES;
				GCC_OPTIMIZATION_LEVEL = 0;
				GCC_PREPROCESSOR_DEFINITIONS = (
					"DEBUG=1",
					"$(inherited)",
				);
				GCC_WARN_64_TO_32_BIT_CONVERSION = YES;
				GCC_WARN_ABOUT_RETURN_TYPE = YES_ERROR;
				GCC_WARN_UNDECLARED_SELECTOR = YES;
				GCC_WARN_UNINITIALIZED_AUTOS = YES_AGGRESSIVE;
				GCC_WARN_UNUSED_FUNCTION = YES;
				GCC_WARN_UNUSED_VARIABLE = YES;
				IPHONEOS_DEPLOYMENT_TARGET = 13.2;
				MTL_ENABLE_DEBUG_INFO = INCLUDE_SOURCE;
				MTL_FAST_MATH = YES;
				ONLY_ACTIVE_ARCH = YES;
				SDKROOT = iphoneos;
				SWIFT_ACTIVE_COMPILATION_CONDITIONS = DEBUG;
				SWIFT_OPTIMIZATION_LEVEL = "-Onone";
			};
			name = Debug;
		};
		3A5AFF37243C60B3006D3089 /* Release */ = {
			isa = XCBuildConfiguration;
			buildSettings = {
				ALWAYS_SEARCH_USER_PATHS = NO;
				CLANG_ANALYZER_NONNULL = YES;
				CLANG_ANALYZER_NUMBER_OBJECT_CONVERSION = YES_AGGRESSIVE;
				CLANG_CXX_LANGUAGE_STANDARD = "gnu++14";
				CLANG_CXX_LIBRARY = "libc++";
				CLANG_ENABLE_MODULES = YES;
				CLANG_ENABLE_OBJC_ARC = YES;
				CLANG_ENABLE_OBJC_WEAK = YES;
				CLANG_WARN_BLOCK_CAPTURE_AUTORELEASING = YES;
				CLANG_WARN_BOOL_CONVERSION = YES;
				CLANG_WARN_COMMA = YES;
				CLANG_WARN_CONSTANT_CONVERSION = YES;
				CLANG_WARN_DEPRECATED_OBJC_IMPLEMENTATIONS = YES;
				CLANG_WARN_DIRECT_OBJC_ISA_USAGE = YES_ERROR;
				CLANG_WARN_DOCUMENTATION_COMMENTS = YES;
				CLANG_WARN_EMPTY_BODY = YES;
				CLANG_WARN_ENUM_CONVERSION = YES;
				CLANG_WARN_INFINITE_RECURSION = YES;
				CLANG_WARN_INT_CONVERSION = YES;
				CLANG_WARN_NON_LITERAL_NULL_CONVERSION = YES;
				CLANG_WARN_OBJC_IMPLICIT_RETAIN_SELF = YES;
				CLANG_WARN_OBJC_LITERAL_CONVERSION = YES;
				CLANG_WARN_OBJC_ROOT_CLASS = YES_ERROR;
				CLANG_WARN_RANGE_LOOP_ANALYSIS = YES;
				CLANG_WARN_STRICT_PROTOTYPES = YES;
				CLANG_WARN_SUSPICIOUS_MOVE = YES;
				CLANG_WARN_UNGUARDED_AVAILABILITY = YES_AGGRESSIVE;
				CLANG_WARN_UNREACHABLE_CODE = YES;
				CLANG_WARN__DUPLICATE_METHOD_MATCH = YES;
				COPY_PHASE_STRIP = NO;
				DEBUG_INFORMATION_FORMAT = "dwarf-with-dsym";
				ENABLE_NS_ASSERTIONS = NO;
				ENABLE_STRICT_OBJC_MSGSEND = YES;
				GCC_C_LANGUAGE_STANDARD = gnu11;
				GCC_NO_COMMON_BLOCKS = YES;
				GCC_WARN_64_TO_32_BIT_CONVERSION = YES;
				GCC_WARN_ABOUT_RETURN_TYPE = YES_ERROR;
				GCC_WARN_UNDECLARED_SELECTOR = YES;
				GCC_WARN_UNINITIALIZED_AUTOS = YES_AGGRESSIVE;
				GCC_WARN_UNUSED_FUNCTION = YES;
				GCC_WARN_UNUSED_VARIABLE = YES;
				IPHONEOS_DEPLOYMENT_TARGET = 13.2;
				MTL_ENABLE_DEBUG_INFO = NO;
				MTL_FAST_MATH = YES;
				SDKROOT = iphoneos;
				SWIFT_COMPILATION_MODE = wholemodule;
				SWIFT_OPTIMIZATION_LEVEL = "-O";
				VALIDATE_PRODUCT = YES;
			};
			name = Release;
		};
		3A5AFF39243C60B3006D3089 /* Debug */ = {
			isa = XCBuildConfiguration;
			buildSettings = {
				ASSETCATALOG_COMPILER_APPICON_NAME = AppIcon;
				CODE_SIGN_STYLE = Automatic;
				INFOPLIST_FILE = Covid19/Info.plist;
				LD_RUNPATH_SEARCH_PATHS = (
					"$(inherited)",
					"@executable_path/Frameworks",
				);
				PRODUCT_BUNDLE_IDENTIFIER = devp.harsh.com.Covid19;
				PRODUCT_NAME = "$(TARGET_NAME)";
				SWIFT_VERSION = 5.0;
				TARGETED_DEVICE_FAMILY = "1,2";
			};
			name = Debug;
		};
		3A5AFF3A243C60B3006D3089 /* Release */ = {
			isa = XCBuildConfiguration;
			buildSettings = {
				ASSETCATALOG_COMPILER_APPICON_NAME = AppIcon;
				CODE_SIGN_STYLE = Automatic;
				INFOPLIST_FILE = Covid19/Info.plist;
				LD_RUNPATH_SEARCH_PATHS = (
					"$(inherited)",
					"@executable_path/Frameworks",
				);
				PRODUCT_BUNDLE_IDENTIFIER = devp.harsh.com.Covid19;
				PRODUCT_NAME = "$(TARGET_NAME)";
				SWIFT_VERSION = 5.0;
				TARGETED_DEVICE_FAMILY = "1,2";
			};
			name = Release;
		};
/* End XCBuildConfiguration section */

/* Begin XCConfigurationList section */
		3A5AFF1F243C6099006D3089 /* Build configuration list for PBXProject "Covid19" */ = {
			isa = XCConfigurationList;
			buildConfigurations = (
				3A5AFF36243C60B3006D3089 /* Debug */,
				3A5AFF37243C60B3006D3089 /* Release */,
			);
			defaultConfigurationIsVisible = 0;
			defaultConfigurationName = Release;
		};
		3A5AFF38243C60B3006D3089 /* Build configuration list for PBXNativeTarget "Covid19" */ = {
			isa = XCConfigurationList;
			buildConfigurations = (
				3A5AFF39243C60B3006D3089 /* Debug */,
				3A5AFF3A243C60B3006D3089 /* Release */,
			);
			defaultConfigurationIsVisible = 0;
			defaultConfigurationName = Release;
		};
/* End XCConfigurationList section */
	};
	rootObject = 3A5AFF1C243C6099006D3089 /* Project object */;
}
